
Microsoft Visual Studio Solution File, Format Version 12.00
# Visual Studio Version 17
VisualStudioVersion = 17.12.35527.113 d17.12
MinimumVisualStudioVersion = 10.0.40219.1
Project("{FAE04EC0-301F-11D3-BF4B-00C04F79EFBC}") = "DemoAzureMVC", "DemoAzureMVC\DemoAzureMVC.csproj", "{A28598E0-F845-4F6F-B636-3B64DBC3F873}"
EndProject
Project("{FAE04EC0-301F-11D3-BF4B-00C04F79EFBC}") = "DemoAzureMVC.API", "DemoAzureMVC.API\DemoAzureMVC.API.csproj", "{BED348BC-361C-4530-BEF7-E5F58CC3EE08}"
EndProject
Project("{FAE04EC0-301F-11D3-BF4B-00C04F79EFBC}") = "DemoAzureMVC.Shared", "DemoAzureMVC.Shared\DemoAzureMVC.Shared.csproj", "{4CE5E361-949C-451C-A1A7-70D963BEDCAD}"
EndProject
Global
	GlobalSection(SolutionConfigurationPlatforms) = preSolution
		Debug|Any CPU = Debug|Any CPU
		Release|Any CPU = Release|Any CPU
	EndGlobalSection
	GlobalSection(ProjectConfigurationPlatforms) = postSolution
		{A28598E0-F845-4F6F-B636-3B64DBC3F873}.Debug|Any CPU.ActiveCfg = Debug|Any CPU
		{A28598E0-F845-4F6F-B636-3B64DBC3F873}.Debug|Any CPU.Build.0 = Debug|Any CPU
		{A28598E0-F845-4F6F-B636-3B64DBC3F873}.Release|Any CPU.ActiveCfg = Release|Any CPU
		{A28598E0-F845-4F6F-B636-3B64DBC3F873}.Release|Any CPU.Build.0 = Release|Any CPU
		{BED348BC-361C-4530-BEF7-E5F58CC3EE08}.Debug|Any CPU.ActiveCfg = Debug|Any CPU
		{BED348BC-361C-4530-BEF7-E5F58CC3EE08}.Debug|Any CPU.Build.0 = Debug|Any CPU
		{BED348BC-361C-4530-BEF7-E5F58CC3EE08}.Release|Any CPU.ActiveCfg = Release|Any CPU
		{BED348BC-361C-4530-BEF7-E5F58CC3EE08}.Release|Any CPU.Build.0 = Release|Any CPU
		{4CE5E361-949C-451C-A1A7-70D963BEDCAD}.Debug|Any CPU.ActiveCfg = Debug|Any CPU
		{4CE5E361-949C-451C-A1A7-70D963BEDCAD}.Debug|Any CPU.Build.0 = Debug|Any CPU
		{4CE5E361-949C-451C-A1A7-70D963BEDCAD}.Release|Any CPU.ActiveCfg = Release|Any CPU
		{4CE5E361-949C-451C-A1A7-70D963BEDCAD}.Release|Any CPU.Build.0 = Release|Any CPU
	EndGlobalSection
	GlobalSection(SolutionProperties) = preSolution
		HideSolutionNode = FALSE
	EndGlobalSection
EndGlobal
